// !$*UTF8*$!
{
	archiveVersion = 1;
	classes = {
	};
	objectVersion = 50;
	objects = {

/* Begin PBXBuildFile section */
		7BB03A4E2283CDB20092BEFA /* AppDelegate.swift in Sources */ = {isa = PBXBuildFile; fileRef = 7BB03A4D2283CDB20092BEFA /* AppDelegate.swift */; };
		7BB03A502283CDB20092BEFA /* ProductTableViewController.swift in Sources */ = {isa = PBXBuildFile; fileRef = 7BB03A4F2283CDB20092BEFA /* ProductTableViewController.swift */; };
		7BB03A532283CDB20092BEFA /* Main.storyboard in Resources */ = {isa = PBXBuildFile; fileRef = 7BB03A512283CDB20092BEFA /* Main.storyboard */; };
		7BB03A552283CDB30092BEFA /* Assets.xcassets in Resources */ = {isa = PBXBuildFile; fileRef = 7BB03A542283CDB30092BEFA /* Assets.xcassets */; };
		7BB03A582283CDB30092BEFA /* LaunchScreen.storyboard in Resources */ = {isa = PBXBuildFile; fileRef = 7BB03A562283CDB30092BEFA /* LaunchScreen.storyboard */; };
		7BB03A612283CE1C0092BEFA /* Product.swift in Sources */ = {isa = PBXBuildFile; fileRef = 7BB03A602283CE1C0092BEFA /* Product.swift */; };
		7BB03A632283D3FA0092BEFA /* ProductLine.swift in Sources */ = {isa = PBXBuildFile; fileRef = 7BB03A622283D3FA0092BEFA /* ProductLine.swift */; };
		7BB03A682283EF2D0092BEFA /* ProductTableViewCell.swift in Sources */ = {isa = PBXBuildFile; fileRef = 7BB03A672283EF2D0092BEFA /* ProductTableViewCell.swift */; };
/* End PBXBuildFile section */

/* Begin PBXFileReference section */
		7BB03A4A2283CDB20092BEFA /* AppleProducts.app */ = {isa = PBXFileReference; explicitFileType = wrapper.application; includeInIndex = 0; path = AppleProducts.app; sourceTree = BUILT_PRODUCTS_DIR; };
		7BB03A4D2283CDB20092BEFA /* AppDelegate.swift */ = {isa = PBXFileReference; lastKnownFileType = sourcecode.swift; path = AppDelegate.swift; sourceTree = "<group>"; };
		7BB03A4F2283CDB20092BEFA /* ProductTableViewController.swift */ = {isa = PBXFileReference; lastKnownFileType = sourcecode.swift; path = ProductTableViewController.swift; sourceTree = "<group>"; };
		7BB03A522283CDB20092BEFA /* Base */ = {isa = PBXFileReference; lastKnownFileType = file.storyboard; name = Base; path = Base.lproj/Main.storyboard; sourceTree = "<group>"; };
		7BB03A542283CDB30092BEFA /* Assets.xcassets */ = {isa = PBXFileReference; lastKnownFileType = folder.assetcatalog; path = Assets.xcassets; sourceTree = "<group>"; };
		7BB03A572283CDB30092BEFA /* Base */ = {isa = PBXFileReference; lastKnownFileType = file.storyboard; name = Base; path = Base.lproj/LaunchScreen.storyboard; sourceTree = "<group>"; };
		7BB03A592283CDB30092BEFA /* Info.plist */ = {isa = PBXFileReference; lastKnownFileType = text.plist.xml; path = Info.plist; sourceTree = "<group>"; };
		7BB03A602283CE1C0092BEFA /* Product.swift */ = {isa = PBXFileReference; lastKnownFileType = sourcecode.swift; path = Product.swift; sourceTree = "<group>"; };
		7BB03A622283D3FA0092BEFA /* ProductLine.swift */ = {isa = PBXFileReference; lastKnownFileType = sourcecode.swift; path = ProductLine.swift; sourceTree = "<group>"; };
		7BB03A672283EF2D0092BEFA /* ProductTableViewCell.swift */ = {isa = PBXFileReference; lastKnownFileType = sourcecode.swift; path = ProductTableViewCell.swift; sourceTree = "<group>"; };
/* End PBXFileReference section */

/* Begin PBXFrameworksBuildPhase section */
		7BB03A472283CDB20092BEFA /* Frameworks */ = {
			isa = PBXFrameworksBuildPhase;
			buildActionMask = 2147483647;
			files = (
			);
			runOnlyForDeploymentPostprocessing = 0;
		};
/* End PBXFrameworksBuildPhase section */

/* Begin PBXGroup section */
		7BB03A412283CDB20092BEFA = {
			isa = PBXGroup;
			children = (
				7BB03A4C2283CDB20092BEFA /* AppleProducts */,
				7BB03A4B2283CDB20092BEFA /* Products */,
			);
			sourceTree = "<group>";
		};
		7BB03A4B2283CDB20092BEFA /* Products */ = {
			isa = PBXGroup;
			children = (
				7BB03A4A2283CDB20092BEFA /* AppleProducts.app */,
			);
			name = Products;
			sourceTree = "<group>";
		};
		7BB03A4C2283CDB20092BEFA /* AppleProducts */ = {
			isa = PBXGroup;
			children = (
				7BB03A4D2283CDB20092BEFA /* AppDelegate.swift */,
				7BB03A642283E5290092BEFA /* Controller */,
				7BB03A5F2283CE020092BEFA /* Model */,
				7BB03A662283E5930092BEFA /* Views */,
				7BB03A542283CDB30092BEFA /* Assets.xcassets */,
				7BB03A562283CDB30092BEFA /* LaunchScreen.storyboard */,
				7BB03A592283CDB30092BEFA /* Info.plist */,
			);
			path = AppleProducts;
			sourceTree = "<group>";
		};
		7BB03A5F2283CE020092BEFA /* Model */ = {
			isa = PBXGroup;
			children = (
				7BB03A602283CE1C0092BEFA /* Product.swift */,
				7BB03A622283D3FA0092BEFA /* ProductLine.swift */,
			);
			path = Model;
			sourceTree = "<group>";
		};
		7BB03A642283E5290092BEFA /* Controller */ = {
			isa = PBXGroup;
			children = (
				7BB03A4F2283CDB20092BEFA /* ProductTableViewController.swift */,
			);
			path = Controller;
			sourceTree = "<group>";
		};
		7BB03A662283E5930092BEFA /* Views */ = {
			isa = PBXGroup;
			children = (
				7BB03A512283CDB20092BEFA /* Main.storyboard */,
				7BB03A672283EF2D0092BEFA /* ProductTableViewCell.swift */,
			);
			path = Views;
			sourceTree = "<group>";
		};
/* End PBXGroup section */

/* Begin PBXNativeTarget section */
		7BB03A492283CDB20092BEFA /* AppleProducts */ = {
			isa = PBXNativeTarget;
			buildConfigurationList = 7BB03A5C2283CDB30092BEFA /* Build configuration list for PBXNativeTarget "AppleProducts" */;
			buildPhases = (
				7BB03A462283CDB20092BEFA /* Sources */,
				7BB03A472283CDB20092BEFA /* Frameworks */,
				7BB03A482283CDB20092BEFA /* Resources */,
			);
			buildRules = (
			);
			dependencies = (
			);
			name = AppleProducts;
			productName = AppleProducts;
			productReference = 7BB03A4A2283CDB20092BEFA /* AppleProducts.app */;
			productType = "com.apple.product-type.application";
		};
/* End PBXNativeTarget section */

/* Begin PBXProject section */
		7BB03A422283CDB20092BEFA /* Project object */ = {
			isa = PBXProject;
			attributes = {
				LastSwiftUpdateCheck = 1020;
				LastUpgradeCheck = 1020;
				ORGANIZATIONNAME = Sivan.Payyadakath;
				TargetAttributes = {
					7BB03A492283CDB20092BEFA = {
						CreatedOnToolsVersion = 10.2.1;
					};
				};
			};
			buildConfigurationList = 7BB03A452283CDB20092BEFA /* Build configuration list for PBXProject "AppleProducts" */;
			compatibilityVersion = "Xcode 9.3";
			developmentRegion = en;
			hasScannedForEncodings = 0;
			knownRegions = (
				en,
				Base,
			);
			mainGroup = 7BB03A412283CDB20092BEFA;
			productRefGroup = 7BB03A4B2283CDB20092BEFA /* Products */;
			projectDirPath = "";
			projectRoot = "";
			targets = (
				7BB03A492283CDB20092BEFA /* AppleProducts */,
			);
		};
/* End PBXProject section */

/* Begin PBXResourcesBuildPhase section */
		7BB03A482283CDB20092BEFA /* Resources */ = {
			isa = PBXResourcesBuildPhase;
			buildActionMask = 2147483647;
			files = (
				7BB03A582283CDB30092BEFA /* LaunchScreen.storyboard in Resources */,
				7BB03A552283CDB30092BEFA /* Assets.xcassets in Resources */,
				7BB03A532283CDB20092BEFA /* Main.storyboard in Resources */,
			);
			runOnlyForDeploymentPostprocessing = 0;
		};
/* End PBXResourcesBuildPhase section */

/* Begin PBXSourcesBuildPhase section */
		7BB03A462283CDB20092BEFA /* Sources */ = {
			isa = PBXSourcesBuildPhase;
			buildActionMask = 2147483647;
			files = (
				7BB03A502283CDB20092BEFA /* ProductTableViewController.swift in Sources */,
				7BB03A632283D3FA0092BEFA /* ProductLine.swift in Sources */,
				7BB03A682283EF2D0092BEFA /* ProductTableViewCell.swift in Sources */,
				7BB03A4E2283CDB20092BEFA /* AppDelegate.swift in Sources */,
				7BB03A612283CE1C0092BEFA /* Product.swift in Sources */,
			);
			runOnlyForDeploymentPostprocessing = 0;
		};
/* End PBXSourcesBuildPhase section */

/* Begin PBXVariantGroup section */
		7BB03A512283CDB20092BEFA /* Main.storyboard */ = {
			isa = PBXVariantGroup;
			children = (
				7BB03A522283CDB20092BEFA /* Base */,
			);
			name = Main.storyboard;
			sourceTree = "<group>";
		};
		7BB03A562283CDB30092BEFA /* LaunchScreen.storyboard */ = {
			isa = PBXVariantGroup;
			children = (
				7BB03A572283CDB30092BEFA /* Base */,
			);
			name = LaunchScreen.storyboard;
			sourceTree = "<group>";
		};
/* End PBXVariantGroup section */

/* Begin XCBuildConfiguration section */
		7BB03A5A2283CDB30092BEFA /* Debug */ = {
			isa = XCBuildConfiguration;
			buildSettings = {
				ALWAYS_SEARCH_USER_PATHS = NO;
				CLANG_ANALYZER_NONNULL = YES;
				CLANG_ANALYZER_NUMBER_OBJECT_CONVERSION = YES_AGGRESSIVE;
				CLANG_CXX_LANGUAGE_STANDARD = "gnu++14";
				CLANG_CXX_LIBRARY = "libc++";
				CLANG_ENABLE_MODULES = YES;
				CLANG_ENABLE_OBJC_ARC = YES;
				CLANG_ENABLE_OBJC_WEAK = YES;
				CLANG_WARN_BLOCK_CAPTURE_AUTORELEASING = YES;
				CLANG_WARN_BOOL_CONVERSION = YES;
				CLANG_WARN_COMMA = YES;
				CLANG_WARN_CONSTANT_CONVERSION = YES;
				CLANG_WARN_DEPRECATED_OBJC_IMPLEMENTATIONS = YES;
				CLANG_WARN_DIRECT_OBJC_ISA_USAGE = YES_ERROR;
				CLANG_WARN_DOCUMENTATION_COMMENTS = YES;
				CLANG_WARN_EMPTY_BODY = YES;
				CLANG_WARN_ENUM_CONVERSION = YES;
				CLANG_WARN_INFINITE_RECURSION = YES;
				CLANG_WARN_INT_CONVERSION = YES;
				CLANG_WARN_NON_LITERAL_NULL_CONVERSION = YES;
				CLANG_WARN_OBJC_IMPLICIT_RETAIN_SELF = YES;
				CLANG_WARN_OBJC_LITERAL_CONVERSION = YES;
				CLANG_WARN_OBJC_ROOT_CLASS = YES_ERROR;
				CLANG_WARN_RANGE_LOOP_ANALYSIS = YES;
				CLANG_WARN_STRICT_PROTOTYPES = YES;
				CLANG_WARN_SUSPICIOUS_MOVE = YES;
				CLANG_WARN_UNGUARDED_AVAILABILITY = YES_AGGRESSIVE;
				CLANG_WARN_UNREACHABLE_CODE = YES;
				CLANG_WARN__DUPLICATE_METHOD_MATCH = YES;
				CODE_SIGN_IDENTITY = "iPhone Developer";
				COPY_PHASE_STRIP = NO;
				DEBUG_INFORMATION_FORMAT = dwarf;
				ENABLE_STRICT_OBJC_MSGSEND = YES;
				ENABLE_TESTABILITY = YES;
				GCC_C_LANGUAGE_STANDARD = gnu11;
				GCC_DYNAMIC_NO_PIC = NO;
				GCC_NO_COMMON_BLOCKS = YES;
				GCC_OPTIMIZATION_LEVEL = 0;
				GCC_PREPROCESSOR_DEFINITIONS = (
					"DEBUG=1",
					"$(inherited)",
				);
				GCC_WARN_64_TO_32_BIT_CONVERSION = YES;
				GCC_WARN_ABOUT_RETURN_TYPE = YES_ERROR;
				GCC_WARN_UNDECLARED_SELECTOR = YES;
				GCC_WARN_UNINITIALIZED_AUTOS = YES_AGGRESSIVE;
				GCC_WARN_UNUSED_FUNCTION = YES;
				GCC_WARN_UNUSED_VARIABLE = YES;
				IPHONEOS_DEPLOYMENT_TARGET = 12.2;
				MTL_ENABLE_DEBUG_INFO = INCLUDE_SOURCE;
				MTL_FAST_MATH = YES;
				ONLY_ACTIVE_ARCH = YES;
				SDKROOT = iphoneos;
				SWIFT_ACTIVE_COMPILATION_CONDITIONS = DEBUG;
				SWIFT_OPTIMIZATION_LEVEL = "-Onone";
			};
			name = Debug;
		};
		7BB03A5B2283CDB30092BEFA /* Release */ = {
			isa = XCBuildConfiguration;
			buildSettings = {
				ALWAYS_SEARCH_USER_PATHS = NO;
				CLANG_ANALYZER_NONNULL = YES;
				CLANG_ANALYZER_NUMBER_OBJECT_CONVERSION = YES_AGGRESSIVE;
				CLANG_CXX_LANGUAGE_STANDARD = "gnu++14";
				CLANG_CXX_LIBRARY = "libc++";
				CLANG_ENABLE_MODULES = YES;
				CLANG_ENABLE_OBJC_ARC = YES;
				CLANG_ENABLE_OBJC_WEAK = YES;
				CLANG_WARN_BLOCK_CAPTURE_AUTORELEASING = YES;
				CLANG_WARN_BOOL_CONVERSION = YES;
				CLANG_WARN_COMMA = YES;
				CLANG_WARN_CONSTANT_CONVERSION = YES;
				CLANG_WARN_DEPRECATED_OBJC_IMPLEMENTATIONS = YES;
				CLANG_WARN_DIRECT_OBJC_ISA_USAGE = YES_ERROR;
				CLANG_WARN_DOCUMENTATION_COMMENTS = YES;
				CLANG_WARN_EMPTY_BODY = YES;
				CLANG_WARN_ENUM_CONVERSION = YES;
				CLANG_WARN_INFINITE_RECURSION = YES;
				CLANG_WARN_INT_CONVERSION = YES;
				CLANG_WARN_NON_LITERAL_NULL_CONVERSION = YES;
				CLANG_WARN_OBJC_IMPLICIT_RETAIN_SELF = YES;
				CLANG_WARN_OBJC_LITERAL_CONVERSION = YES;
				CLANG_WARN_OBJC_ROOT_CLASS = YES_ERROR;
				CLANG_WARN_RANGE_LOOP_ANALYSIS = YES;
				CLANG_WARN_STRICT_PROTOTYPES = YES;
				CLANG_WARN_SUSPICIOUS_MOVE = YES;
				CLANG_WARN_UNGUARDED_AVAILABILITY = YES_AGGRESSIVE;
				CLANG_WARN_UNREACHABLE_CODE = YES;
				CLANG_WARN__DUPLICATE_METHOD_MATCH = YES;
				CODE_SIGN_IDENTITY = "iPhone Developer";
				COPY_PHASE_STRIP = NO;
				DEBUG_INFORMATION_FORMAT = "dwarf-with-dsym";
				ENABLE_NS_ASSERTIONS = NO;
				ENABLE_STRICT_OBJC_MSGSEND = YES;
				GCC_C_LANGUAGE_STANDARD = gnu11;
				GCC_NO_COMMON_BLOCKS = YES;
				GCC_WARN_64_TO_32_BIT_CONVERSION = YES;
				GCC_WARN_ABOUT_RETURN_TYPE = YES_ERROR;
				GCC_WARN_UNDECLARED_SELECTOR = YES;
				GCC_WARN_UNINITIALIZED_AUTOS = YES_AGGRESSIVE;
				GCC_WARN_UNUSED_FUNCTION = YES;
				GCC_WARN_UNUSED_VARIABLE = YES;
				IPHONEOS_DEPLOYMENT_TARGET = 12.2;
				MTL_ENABLE_DEBUG_INFO = NO;
				MTL_FAST_MATH = YES;
				SDKROOT = iphoneos;
				SWIFT_COMPILATION_MODE = wholemodule;
				SWIFT_OPTIMIZATION_LEVEL = "-O";
				VALIDATE_PRODUCT = YES;
			};
			name = Release;
		};
		7BB03A5D2283CDB30092BEFA /* Debug */ = {
			isa = XCBuildConfiguration;
			buildSettings = {
				ASSETCATALOG_COMPILER_APPICON_NAME = AppIcon;
				CODE_SIGN_STYLE = Automatic;
				INFOPLIST_FILE = AppleProducts/Info.plist;
				LD_RUNPATH_SEARCH_PATHS = (
					"$(inherited)",
					"@executable_path/Frameworks",
				);
				PRODUCT_BUNDLE_IDENTIFIER = "com.sivan-payyadakath.AppleProducts";
				PRODUCT_NAME = "$(TARGET_NAME)";
				SWIFT_VERSION = 5.0;
				TARGETED_DEVICE_FAMILY = "1,2";
			};
			name = Debug;
		};
		7BB03A5E2283CDB30092BEFA /* Release */ = {
			isa = XCBuildConfiguration;
			buildSettings = {
				ASSETCATALOG_COMPILER_APPICON_NAME = AppIcon;
				CODE_SIGN_STYLE = Automatic;
				INFOPLIST_FILE = AppleProducts/Info.plist;
				LD_RUNPATH_SEARCH_PATHS = (
					"$(inherited)",
					"@executable_path/Frameworks",
				);
				PRODUCT_BUNDLE_IDENTIFIER = "com.sivan-payyadakath.AppleProducts";
				PRODUCT_NAME = "$(TARGET_NAME)";
				SWIFT_VERSION = 5.0;
				TARGETED_DEVICE_FAMILY = "1,2";
			};
			name = Release;
		};
/* End XCBuildConfiguration section */

/* Begin XCConfigurationList section */
		7BB03A452283CDB20092BEFA /* Build configuration list for PBXProject "AppleProducts" */ = {
			isa = XCConfigurationList;
			buildConfigurations = (
				7BB03A5A2283CDB30092BEFA /* Debug */,
				7BB03A5B2283CDB30092BEFA /* Release */,
			);
			defaultConfigurationIsVisible = 0;
			defaultConfigurationName = Release;
		};
		7BB03A5C2283CDB30092BEFA /* Build configuration list for PBXNativeTarget "AppleProducts" */ = {
			isa = XCConfigurationList;
			buildConfigurations = (
				7BB03A5D2283CDB30092BEFA /* Debug */,
				7BB03A5E2283CDB30092BEFA /* Release */,
			);
			defaultConfigurationIsVisible = 0;
			defaultConfigurationName = Release;
		};
/* End XCConfigurationList section */
	};
	rootObject = 7BB03A422283CDB20092BEFA /* Project object */;
}
